// !$*UTF8*$!
{
	archiveVersion = 1;
	classes = {
	};
	objectVersion = 46;
	objects = {

/* Begin PBXBuildFile section */
		CF523F8B1C17921B000D33BE /* Sprites.atlas in Resources */ = {isa = PBXBuildFile; fileRef = CF523F8A1C17921B000D33BE /* Sprites.atlas */; };
		CF523F8F1C179602000D33BE /* Cookie.swift in Sources */ = {isa = PBXBuildFile; fileRef = CF523F8E1C179602000D33BE /* Cookie.swift */; };
		CF8E9E371C16709F0090CDC2 /* AppDelegate.swift in Sources */ = {isa = PBXBuildFile; fileRef = CF8E9E361C16709F0090CDC2 /* AppDelegate.swift */; };
		CF8E9E3B1C16709F0090CDC2 /* GameScene.swift in Sources */ = {isa = PBXBuildFile; fileRef = CF8E9E3A1C16709F0090CDC2 /* GameScene.swift */; };
		CF8E9E3D1C16709F0090CDC2 /* GameViewController.swift in Sources */ = {isa = PBXBuildFile; fileRef = CF8E9E3C1C16709F0090CDC2 /* GameViewController.swift */; };
		CF8E9E401C16709F0090CDC2 /* Main.storyboard in Resources */ = {isa = PBXBuildFile; fileRef = CF8E9E3E1C16709F0090CDC2 /* Main.storyboard */; };
		CF8E9E421C16709F0090CDC2 /* Assets.xcassets in Resources */ = {isa = PBXBuildFile; fileRef = CF8E9E411C16709F0090CDC2 /* Assets.xcassets */; };
		CF8E9E451C16709F0090CDC2 /* LaunchScreen.storyboard in Resources */ = {isa = PBXBuildFile; fileRef = CF8E9E431C16709F0090CDC2 /* LaunchScreen.storyboard */; };
		CF8E9E501C16709F0090CDC2 /* tilesTests.swift in Sources */ = {isa = PBXBuildFile; fileRef = CF8E9E4F1C16709F0090CDC2 /* tilesTests.swift */; };
		CFF56A4A1C187098003B9385 /* Array2D.swift in Sources */ = {isa = PBXBuildFile; fileRef = CFF56A491C187098003B9385 /* Array2D.swift */; };
		CFF56A4C1C18EEE8003B9385 /* Level.swift in Sources */ = {isa = PBXBuildFile; fileRef = CFF56A4B1C18EEE8003B9385 /* Level.swift */; };
/* End PBXBuildFile section */

/* Begin PBXContainerItemProxy section */
		CF8E9E4C1C16709F0090CDC2 /* PBXContainerItemProxy */ = {
			isa = PBXContainerItemProxy;
			containerPortal = CF8E9E2B1C16709F0090CDC2 /* Project object */;
			proxyType = 1;
			remoteGlobalIDString = CF8E9E321C16709F0090CDC2;
			remoteInfo = tiles;
		};
/* End PBXContainerItemProxy section */

/* Begin PBXFileReference section */
		CF523F8A1C17921B000D33BE /* Sprites.atlas */ = {isa = PBXFileReference; lastKnownFileType = folder.skatlas; path = Sprites.atlas; sourceTree = "<group>"; };
		CF523F8E1C179602000D33BE /* Cookie.swift */ = {isa = PBXFileReference; fileEncoding = 4; lastKnownFileType = sourcecode.swift; path = Cookie.swift; sourceTree = "<group>"; };
		CF8E9E331C16709F0090CDC2 /* tiles.app */ = {isa = PBXFileReference; explicitFileType = wrapper.application; includeInIndex = 0; path = tiles.app; sourceTree = BUILT_PRODUCTS_DIR; };
		CF8E9E361C16709F0090CDC2 /* AppDelegate.swift */ = {isa = PBXFileReference; lastKnownFileType = sourcecode.swift; path = AppDelegate.swift; sourceTree = "<group>"; };
		CF8E9E3A1C16709F0090CDC2 /* GameScene.swift */ = {isa = PBXFileReference; lastKnownFileType = sourcecode.swift; path = GameScene.swift; sourceTree = "<group>"; };
		CF8E9E3C1C16709F0090CDC2 /* GameViewController.swift */ = {isa = PBXFileReference; lastKnownFileType = sourcecode.swift; path = GameViewController.swift; sourceTree = "<group>"; };
		CF8E9E3F1C16709F0090CDC2 /* Base */ = {isa = PBXFileReference; lastKnownFileType = file.storyboard; name = Base; path = Base.lproj/Main.storyboard; sourceTree = "<group>"; };
		CF8E9E411C16709F0090CDC2 /* Assets.xcassets */ = {isa = PBXFileReference; lastKnownFileType = folder.assetcatalog; path = Assets.xcassets; sourceTree = "<group>"; };
		CF8E9E441C16709F0090CDC2 /* Base */ = {isa = PBXFileReference; lastKnownFileType = file.storyboard; name = Base; path = Base.lproj/LaunchScreen.storyboard; sourceTree = "<group>"; };
		CF8E9E461C16709F0090CDC2 /* Info.plist */ = {isa = PBXFileReference; lastKnownFileType = text.plist.xml; path = Info.plist; sourceTree = "<group>"; };
		CF8E9E4B1C16709F0090CDC2 /* tilesTests.xctest */ = {isa = PBXFileReference; explicitFileType = wrapper.cfbundle; includeInIndex = 0; path = tilesTests.xctest; sourceTree = BUILT_PRODUCTS_DIR; };
		CF8E9E4F1C16709F0090CDC2 /* tilesTests.swift */ = {isa = PBXFileReference; lastKnownFileType = sourcecode.swift; path = tilesTests.swift; sourceTree = "<group>"; };
		CF8E9E511C16709F0090CDC2 /* Info.plist */ = {isa = PBXFileReference; lastKnownFileType = text.plist.xml; path = Info.plist; sourceTree = "<group>"; };
		CFF56A491C187098003B9385 /* Array2D.swift */ = {isa = PBXFileReference; fileEncoding = 4; lastKnownFileType = sourcecode.swift; path = Array2D.swift; sourceTree = "<group>"; };
		CFF56A4B1C18EEE8003B9385 /* Level.swift */ = {isa = PBXFileReference; fileEncoding = 4; lastKnownFileType = sourcecode.swift; path = Level.swift; sourceTree = "<group>"; };
/* End PBXFileReference section */

/* Begin PBXFrameworksBuildPhase section */
		CF8E9E301C16709F0090CDC2 /* Frameworks */ = {
			isa = PBXFrameworksBuildPhase;
			buildActionMask = 2147483647;
			files = (
			);
			runOnlyForDeploymentPostprocessing = 0;
		};
		CF8E9E481C16709F0090CDC2 /* Frameworks */ = {
			isa = PBXFrameworksBuildPhase;
			buildActionMask = 2147483647;
			files = (
			);
			runOnlyForDeploymentPostprocessing = 0;
		};
/* End PBXFrameworksBuildPhase section */

/* Begin PBXGroup section */
		CF8E9E2A1C16709F0090CDC2 = {
			isa = PBXGroup;
			children = (
				CF8E9E351C16709F0090CDC2 /* tiles */,
				CF8E9E4E1C16709F0090CDC2 /* tilesTests */,
				CF8E9E341C16709F0090CDC2 /* Products */,
				CF523F8A1C17921B000D33BE /* Sprites.atlas */,
			);
			sourceTree = "<group>";
		};
		CF8E9E341C16709F0090CDC2 /* Products */ = {
			isa = PBXGroup;
			children = (
				CF8E9E331C16709F0090CDC2 /* tiles.app */,
				CF8E9E4B1C16709F0090CDC2 /* tilesTests.xctest */,
			);
			name = Products;
			sourceTree = "<group>";
		};
		CF8E9E351C16709F0090CDC2 /* tiles */ = {
			isa = PBXGroup;
			children = (
				CF8E9E361C16709F0090CDC2 /* AppDelegate.swift */,
				CF8E9E3A1C16709F0090CDC2 /* GameScene.swift */,
				CF523F8E1C179602000D33BE /* Cookie.swift */,
				CFF56A491C187098003B9385 /* Array2D.swift */,
				CFF56A4B1C18EEE8003B9385 /* Level.swift */,
				CF8E9E3C1C16709F0090CDC2 /* GameViewController.swift */,
				CF8E9E3E1C16709F0090CDC2 /* Main.storyboard */,
				CF8E9E411C16709F0090CDC2 /* Assets.xcassets */,
				CF8E9E431C16709F0090CDC2 /* LaunchScreen.storyboard */,
				CF8E9E461C16709F0090CDC2 /* Info.plist */,
			);
			path = tiles;
			sourceTree = "<group>";
		};
		CF8E9E4E1C16709F0090CDC2 /* tilesTests */ = {
			isa = PBXGroup;
			children = (
				CF8E9E4F1C16709F0090CDC2 /* tilesTests.swift */,
				CF8E9E511C16709F0090CDC2 /* Info.plist */,
			);
			path = tilesTests;
			sourceTree = "<group>";
		};
/* End PBXGroup section */

/* Begin PBXNativeTarget section */
		CF8E9E321C16709F0090CDC2 /* tiles */ = {
			isa = PBXNativeTarget;
			buildConfigurationList = CF8E9E541C16709F0090CDC2 /* Build configuration list for PBXNativeTarget "tiles" */;
			buildPhases = (
				CF8E9E2F1C16709F0090CDC2 /* Sources */,
				CF8E9E301C16709F0090CDC2 /* Frameworks */,
				CF8E9E311C16709F0090CDC2 /* Resources */,
			);
			buildRules = (
			);
			dependencies = (
			);
			name = tiles;
			productName = tiles;
			productReference = CF8E9E331C16709F0090CDC2 /* tiles.app */;
			productType = "com.apple.product-type.application";
		};
		CF8E9E4A1C16709F0090CDC2 /* tilesTests */ = {
			isa = PBXNativeTarget;
			buildConfigurationList = CF8E9E571C16709F0090CDC2 /* Build configuration list for PBXNativeTarget "tilesTests" */;
			buildPhases = (
				CF8E9E471C16709F0090CDC2 /* Sources */,
				CF8E9E481C16709F0090CDC2 /* Frameworks */,
				CF8E9E491C16709F0090CDC2 /* Resources */,
			);
			buildRules = (
			);
			dependencies = (
				CF8E9E4D1C16709F0090CDC2 /* PBXTargetDependency */,
			);
			name = tilesTests;
			productName = tilesTests;
			productReference = CF8E9E4B1C16709F0090CDC2 /* tilesTests.xctest */;
			productType = "com.apple.product-type.bundle.unit-test";
		};
/* End PBXNativeTarget section */

/* Begin PBXProject section */
		CF8E9E2B1C16709F0090CDC2 /* Project object */ = {
			isa = PBXProject;
			attributes = {
				LastSwiftUpdateCheck = 0710;
				LastUpgradeCheck = 0710;
				ORGANIZATIONNAME = "Walker Smith";
				TargetAttributes = {
					CF8E9E321C16709F0090CDC2 = {
						CreatedOnToolsVersion = 7.1.1;
					};
					CF8E9E4A1C16709F0090CDC2 = {
						CreatedOnToolsVersion = 7.1.1;
						TestTargetID = CF8E9E321C16709F0090CDC2;
					};
				};
			};
			buildConfigurationList = CF8E9E2E1C16709F0090CDC2 /* Build configuration list for PBXProject "tiles" */;
			compatibilityVersion = "Xcode 3.2";
			developmentRegion = English;
			hasScannedForEncodings = 0;
			knownRegions = (
				en,
				Base,
			);
			mainGroup = CF8E9E2A1C16709F0090CDC2;
			productRefGroup = CF8E9E341C16709F0090CDC2 /* Products */;
			projectDirPath = "";
			projectRoot = "";
			targets = (
				CF8E9E321C16709F0090CDC2 /* tiles */,
				CF8E9E4A1C16709F0090CDC2 /* tilesTests */,
			);
		};
/* End PBXProject section */

/* Begin PBXResourcesBuildPhase section */
		CF8E9E311C16709F0090CDC2 /* Resources */ = {
			isa = PBXResourcesBuildPhase;
			buildActionMask = 2147483647;
			files = (
				CF8E9E451C16709F0090CDC2 /* LaunchScreen.storyboard in Resources */,
				CF8E9E421C16709F0090CDC2 /* Assets.xcassets in Resources */,
				CF8E9E401C16709F0090CDC2 /* Main.storyboard in Resources */,
				CF523F8B1C17921B000D33BE /* Sprites.atlas in Resources */,
			);
			runOnlyForDeploymentPostprocessing = 0;
		};
		CF8E9E491C16709F0090CDC2 /* Resources */ = {
			isa = PBXResourcesBuildPhase;
			buildActionMask = 2147483647;
			files = (
			);
			runOnlyForDeploymentPostprocessing = 0;
		};
/* End PBXResourcesBuildPhase section */

/* Begin PBXSourcesBuildPhase section */
		CF8E9E2F1C16709F0090CDC2 /* Sources */ = {
			isa = PBXSourcesBuildPhase;
			buildActionMask = 2147483647;
			files = (
				CFF56A4C1C18EEE8003B9385 /* Level.swift in Sources */,
				CF8E9E3B1C16709F0090CDC2 /* GameScene.swift in Sources */,
				CF523F8F1C179602000D33BE /* Cookie.swift in Sources */,
				CF8E9E3D1C16709F0090CDC2 /* GameViewController.swift in Sources */,
				CF8E9E371C16709F0090CDC2 /* AppDelegate.swift in Sources */,
				CFF56A4A1C187098003B9385 /* Array2D.swift in Sources */,
			);
			runOnlyForDeploymentPostprocessing = 0;
		};
		CF8E9E471C16709F0090CDC2 /* Sources */ = {
			isa = PBXSourcesBuildPhase;
			buildActionMask = 2147483647;
			files = (
				CF8E9E501C16709F0090CDC2 /* tilesTests.swift in Sources */,
			);
			runOnlyForDeploymentPostprocessing = 0;
		};
/* End PBXSourcesBuildPhase section */

/* Begin PBXTargetDependency section */
		CF8E9E4D1C16709F0090CDC2 /* PBXTargetDependency */ = {
			isa = PBXTargetDependency;
			target = CF8E9E321C16709F0090CDC2 /* tiles */;
			targetProxy = CF8E9E4C1C16709F0090CDC2 /* PBXContainerItemProxy */;
		};
/* End PBXTargetDependency section */

/* Begin PBXVariantGroup section */
		CF8E9E3E1C16709F0090CDC2 /* Main.storyboard */ = {
			isa = PBXVariantGroup;
			children = (
				CF8E9E3F1C16709F0090CDC2 /* Base */,
			);
			name = Main.storyboard;
			sourceTree = "<group>";
		};
		CF8E9E431C16709F0090CDC2 /* LaunchScreen.storyboard */ = {
			isa = PBXVariantGroup;
			children = (
				CF8E9E441C16709F0090CDC2 /* Base */,
			);
			name = LaunchScreen.storyboard;
			sourceTree = "<group>";
		};
/* End PBXVariantGroup section */

/* Begin XCBuildConfiguration section */
		CF8E9E521C16709F0090CDC2 /* Debug */ = {
			isa = XCBuildConfiguration;
			buildSettings = {
				ALWAYS_SEARCH_USER_PATHS = NO;
				CLANG_CXX_LANGUAGE_STANDARD = "gnu++0x";
				CLANG_CXX_LIBRARY = "libc++";
				CLANG_ENABLE_MODULES = YES;
				CLANG_ENABLE_OBJC_ARC = YES;
				CLANG_WARN_BOOL_CONVERSION = YES;
				CLANG_WARN_CONSTANT_CONVERSION = YES;
				CLANG_WARN_DIRECT_OBJC_ISA_USAGE = YES_ERROR;
				CLANG_WARN_EMPTY_BODY = YES;
				CLANG_WARN_ENUM_CONVERSION = YES;
				CLANG_WARN_INT_CONVERSION = YES;
				CLANG_WARN_OBJC_ROOT_CLASS = YES_ERROR;
				CLANG_WARN_UNREACHABLE_CODE = YES;
				CLANG_WARN__DUPLICATE_METHOD_MATCH = YES;
				"CODE_SIGN_IDENTITY[sdk=iphoneos*]" = "iPhone Developer";
				COPY_PHASE_STRIP = NO;
				DEBUG_INFORMATION_FORMAT = "dwarf-with-dsym";
				ENABLE_STRICT_OBJC_MSGSEND = YES;
				ENABLE_TESTABILITY = YES;
				GCC_C_LANGUAGE_STANDARD = gnu99;
				GCC_DYNAMIC_NO_PIC = NO;
				GCC_NO_COMMON_BLOCKS = YES;
				GCC_OPTIMIZATION_LEVEL = 0;
				GCC_PREPROCESSOR_DEFINITIONS = (
					"DEBUG=1",
					"$(inherited)",
				);
				GCC_WARN_64_TO_32_BIT_CONVERSION = YES;
				GCC_WARN_ABOUT_RETURN_TYPE = YES_ERROR;
				GCC_WARN_UNDECLARED_SELECTOR = YES;
				GCC_WARN_UNINITIALIZED_AUTOS = YES_AGGRESSIVE;
				GCC_WARN_UNUSED_FUNCTION = YES;
				GCC_WARN_UNUSED_VARIABLE = YES;
				IPHONEOS_DEPLOYMENT_TARGET = 9.1;
				MTL_ENABLE_DEBUG_INFO = YES;
				ONLY_ACTIVE_ARCH = YES;
				SDKROOT = iphoneos;
				SWIFT_OPTIMIZATION_LEVEL = "-Onone";
			};
			name = Debug;
		};
		CF8E9E531C16709F0090CDC2 /* Release */ = {
			isa = XCBuildConfiguration;
			buildSettings = {
				ALWAYS_SEARCH_USER_PATHS = NO;
				CLANG_CXX_LANGUAGE_STANDARD = "gnu++0x";
				CLANG_CXX_LIBRARY = "libc++";
				CLANG_ENABLE_MODULES = YES;
				CLANG_ENABLE_OBJC_ARC = YES;
				CLANG_WARN_BOOL_CONVERSION = YES;
				CLANG_WARN_CONSTANT_CONVERSION = YES;
				CLANG_WARN_DIRECT_OBJC_ISA_USAGE = YES_ERROR;
				CLANG_WARN_EMPTY_BODY = YES;
				CLANG_WARN_ENUM_CONVERSION = YES;
				CLANG_WARN_INT_CONVERSION = YES;
				CLANG_WARN_OBJC_ROOT_CLASS = YES_ERROR;
				CLANG_WARN_UNREACHABLE_CODE = YES;
				CLANG_WARN__DUPLICATE_METHOD_MATCH = YES;
				"CODE_SIGN_IDENTITY[sdk=iphoneos*]" = "iPhone Developer";
				COPY_PHASE_STRIP = NO;
				DEBUG_INFORMATION_FORMAT = "dwarf-with-dsym";
				ENABLE_NS_ASSERTIONS = NO;
				ENABLE_STRICT_OBJC_MSGSEND = YES;
				GCC_C_LANGUAGE_STANDARD = gnu99;
				GCC_NO_COMMON_BLOCKS = YES;
				GCC_WARN_64_TO_32_BIT_CONVERSION = YES;
				GCC_WARN_ABOUT_RETURN_TYPE = YES_ERROR;
				GCC_WARN_UNDECLARED_SELECTOR = YES;
				GCC_WARN_UNINITIALIZED_AUTOS = YES_AGGRESSIVE;
				GCC_WARN_UNUSED_FUNCTION = YES;
				GCC_WARN_UNUSED_VARIABLE = YES;
				IPHONEOS_DEPLOYMENT_TARGET = 9.1;
				MTL_ENABLE_DEBUG_INFO = NO;
				SDKROOT = iphoneos;
				VALIDATE_PRODUCT = YES;
			};
			name = Release;
		};
		CF8E9E551C16709F0090CDC2 /* Debug */ = {
			isa = XCBuildConfiguration;
			buildSettings = {
				ASSETCATALOG_COMPILER_APPICON_NAME = AppIcon;
				INFOPLIST_FILE = tiles/Info.plist;
				LD_RUNPATH_SEARCH_PATHS = "$(inherited) @executable_path/Frameworks";
				PRODUCT_BUNDLE_IDENTIFIER = "Walker-Randolph-Smith.tiles";
				PRODUCT_NAME = "$(TARGET_NAME)";
			};
			name = Debug;
		};
		CF8E9E561C16709F0090CDC2 /* Release */ = {
			isa = XCBuildConfiguration;
			buildSettings = {
				ASSETCATALOG_COMPILER_APPICON_NAME = AppIcon;
				INFOPLIST_FILE = tiles/Info.plist;
				LD_RUNPATH_SEARCH_PATHS = "$(inherited) @executable_path/Frameworks";
				PRODUCT_BUNDLE_IDENTIFIER = "Walker-Randolph-Smith.tiles";
				PRODUCT_NAME = "$(TARGET_NAME)";
			};
			name = Release;
		};
		CF8E9E581C16709F0090CDC2 /* Debug */ = {
			isa = XCBuildConfiguration;
			buildSettings = {
				BUNDLE_LOADER = "$(TEST_HOST)";
				DEBUG_INFORMATION_FORMAT = dwarf;
				INFOPLIST_FILE = tilesTests/Info.plist;
				LD_RUNPATH_SEARCH_PATHS = "$(inherited) @executable_path/Frameworks @loader_path/Frameworks";
				PRODUCT_BUNDLE_IDENTIFIER = "Walker-Randolph-Smith.tilesTests";
				PRODUCT_NAME = "$(TARGET_NAME)";
				TEST_HOST = "$(BUILT_PRODUCTS_DIR)/tiles.app/tiles";
			};
			name = Debug;
		};
		CF8E9E591C16709F0090CDC2 /* Release */ = {
			isa = XCBuildConfiguration;
			buildSettings = {
				BUNDLE_LOADER = "$(TEST_HOST)";
				INFOPLIST_FILE = tilesTests/Info.plist;
				LD_RUNPATH_SEARCH_PATHS = "$(inherited) @executable_path/Frameworks @loader_path/Frameworks";
				PRODUCT_BUNDLE_IDENTIFIER = "Walker-Randolph-Smith.tilesTests";
				PRODUCT_NAME = "$(TARGET_NAME)";
				TEST_HOST = "$(BUILT_PRODUCTS_DIR)/tiles.app/tiles";
			};
			name = Release;
		};
/* End XCBuildConfiguration section */

/* Begin XCConfigurationList section */
		CF8E9E2E1C16709F0090CDC2 /* Build configuration list for PBXProject "tiles" */ = {
			isa = XCConfigurationList;
			buildConfigurations = (
				CF8E9E521C16709F0090CDC2 /* Debug */,
				CF8E9E531C16709F0090CDC2 /* Release */,
			);
			defaultConfigurationIsVisible = 0;
			defaultConfigurationName = Release;
		};
		CF8E9E541C16709F0090CDC2 /* Build configuration list for PBXNativeTarget "tiles" */ = {
			isa = XCConfigurationList;
			buildConfigurations = (
				CF8E9E551C16709F0090CDC2 /* Debug */,
				CF8E9E561C16709F0090CDC2 /* Release */,
			);
			defaultConfigurationIsVisible = 0;
			defaultConfigurationName = Release;
		};
		CF8E9E571C16709F0090CDC2 /* Build configuration list for PBXNativeTarget "tilesTests" */ = {
			isa = XCConfigurationList;
			buildConfigurations = (
				CF8E9E581C16709F0090CDC2 /* Debug */,
				CF8E9E591C16709F0090CDC2 /* Release */,
			);
			defaultConfigurationIsVisible = 0;
			defaultConfigurationName = Release;
		};
/* End XCConfigurationList section */
	};
	rootObject = CF8E9E2B1C16709F0090CDC2 /* Project object */;
}
